<Project ToolsVersion="4.0" xmlns="http://schemas.microsoft.com/developer/msbuild/2003">
  <ItemGroup>
    <Filter Include="Source Files">
      <UniqueIdentifier>{4FC737F1-C7A5-4376-A066-2A32D752A2FF}</UniqueIdentifier>
      <Extensions>cpp;c;cc;cxx;def;odl;idl;hpj;bat;asm;asmx</Extensions>
    </Filter>
    <Filter Include="Header Files">
      <UniqueIdentifier>{93995380-89BD-4b04-88EB-625FBE52EBFB}</UniqueIdentifier>
      <Extensions>h;hpp;hxx;hm;inl;inc;xsd</Extensions>
    </Filter>
    <Filter Include="Resource Files">
      <UniqueIdentifier>{67DA6AB6-F800-4c08-8B7A-83BB121AAD01}</UniqueIdentifier>
      <Extensions>rc;ico;cur;bmp;dlg;rc2;rct;bin;rgs;gif;jpg;jpeg;jpe;resx;tiff;tif;png;wav</Extensions>
    </Filter>
    <Filter Include="Blocks">
      <UniqueIdentifier>{F354AB1F-CD86-4395-B755-E61A71F2F5CF}</UniqueIdentifier>
    </Filter>
    <Filter Include="Blocks\Midi2">
      <UniqueIdentifier>{7EF11F4E-27B5-4DD4-9B67-511B89C786B4}</UniqueIdentifier>
    </Filter>
    <Filter Include="Blocks\Midi2\include">
      <UniqueIdentifier>{211240A1-8319-46F4-B025-8F1516636CBF}</UniqueIdentifier>
    </Filter>
    <Filter Include="Blocks\Midi2\lib">
      <UniqueIdentifier>{FBE58CD7-1E81-4B11-8FEB-6420E0381C3F}</UniqueIdentifier>
    </Filter>
    <Filter Include="Blocks\Midi2\src">
      <UniqueIdentifier>{B0C6AD72-8EC1-4810-A9CB-D425CFF25C5A}</UniqueIdentifier>
    </Filter>
    <Filter Include="Blocks\Cinder-SDA">
      <UniqueIdentifier>{E19A9FF3-7D5B-4D4D-82F2-DEA0F0AC4445}</UniqueIdentifier>
    </Filter>
    <Filter Include="Blocks\Cinder-SDA\include">
      <UniqueIdentifier>{A324DC4D-E7DB-4195-8485-83250B365CBD}</UniqueIdentifier>
    </Filter>
    <Filter Include="Blocks\Cinder-SDA\src">
      <UniqueIdentifier>{6421B343-28A0-4597-B41A-370F69923655}</UniqueIdentifier>
    </Filter>
    <Filter Include="Blocks\Cinder-WebSocketPP">
      <UniqueIdentifier>{AE1C5B33-1C0D-49C3-AEA4-3BBC4B301839}</UniqueIdentifier>
    </Filter>
    <Filter Include="Blocks\Cinder-WebSocketPP\src">
      <UniqueIdentifier>{F3BBC42B-9AAB-4E3A-8AED-DF8E407D4D2C}</UniqueIdentifier>
    </Filter>
    <Filter Include="assets">
      <UniqueIdentifier>{64e775ba-460c-4430-bc11-dda410e08b67}</UniqueIdentifier>
    </Filter>
    <Filter Include="assets\sequence">
      <UniqueIdentifier>{da73d89d-f324-4d38-a28e-0e3752438232}</UniqueIdentifier>
    </Filter>
    <Filter Include="debug">
      <UniqueIdentifier>{e631c0ed-64d1-47ec-b086-0ad3c5e15745}</UniqueIdentifier>
    </Filter>
  </ItemGroup>
  <ItemGroup>
    <ClCompile Include="..\src\PeoplizationApp.cpp">
      <Filter>Source Files</Filter>
    </ClCompile>
    <ClInclude Include="..\include\Resources.h">
      <Filter>Header Files</Filter>
    </ClInclude>
    <ClCompile Include="..\src\PeoplizationApp.cpp">
      <Filter>Source Files</Filter>
    </ClCompile>
    <ClInclude Include="..\..\..\Cinder\blocks\Cinder-MIDI2\include\MidiConstants.h">
      <Filter>Blocks\Midi2\include</Filter>
    </ClInclude>
    <ClInclude Include="..\..\..\Cinder\blocks\Cinder-MIDI2\include\MidiExceptions.h">
      <Filter>Blocks\Midi2\include</Filter>
    </ClInclude>
    <ClInclude Include="..\..\..\Cinder\blocks\Cinder-MIDI2\include\MidiHeaders.h">
      <Filter>Blocks\Midi2\include</Filter>
    </ClInclude>
    <ClInclude Include="..\..\..\Cinder\blocks\Cinder-MIDI2\include\MidiHub.h">
      <Filter>Blocks\Midi2\include</Filter>
    </ClInclude>
    <ClInclude Include="..\..\..\Cinder\blocks\Cinder-MIDI2\include\MidiIn.h">
      <Filter>Blocks\Midi2\include</Filter>
    </ClInclude>
    <ClInclude Include="..\..\..\Cinder\blocks\Cinder-MIDI2\include\MidiMessage.h">
      <Filter>Blocks\Midi2\include</Filter>
    </ClInclude>
    <ClInclude Include="..\..\..\Cinder\blocks\Cinder-MIDI2\include\MidiOut.h">
      <Filter>Blocks\Midi2\include</Filter>
    </ClInclude>
    <ClInclude Include="..\..\..\Cinder\blocks\Cinder-MIDI2\lib\RtError.h">
      <Filter>Blocks\Midi2\lib</Filter>
    </ClInclude>
    <ClInclude Include="..\..\..\Cinder\blocks\Cinder-MIDI2\lib\RtMidi.h">
      <Filter>Blocks\Midi2\lib</Filter>
    </ClInclude>
    <ClCompile Include="..\..\..\Cinder\blocks\Cinder-MIDI2\src\MidiHub.cpp">
      <Filter>Blocks\Midi2\src</Filter>
    </ClCompile>
    <ClCompile Include="..\..\..\Cinder\blocks\Cinder-MIDI2\src\MidiIn.cpp">
      <Filter>Blocks\Midi2\src</Filter>
    </ClCompile>
    <ClCompile Include="..\..\..\Cinder\blocks\Cinder-MIDI2\src\MidiMessage.cpp">
      <Filter>Blocks\Midi2\src</Filter>
    </ClCompile>
    <ClCompile Include="..\..\..\Cinder\blocks\Cinder-MIDI2\src\MidiOut.cpp">
      <Filter>Blocks\Midi2\src</Filter>
    </ClCompile>
    <ClCompile Include="..\..\..\Cinder\blocks\Cinder-MIDI2\lib\RtMidi.cpp">
      <Filter>Blocks\Midi2\lib</Filter>
    </ClCompile>
    <ClInclude Include="..\..\..\Cinder\blocks\Cinder-SDA\include\LiveParam.h">
      <Filter>Blocks\Cinder-SDA\include</Filter>
    </ClInclude>
    <ClInclude Include="..\..\..\Cinder\blocks\Cinder-SDA\include\SDAAnimation.h">
      <Filter>Blocks\Cinder-SDA\include</Filter>
    </ClInclude>
    <ClInclude Include="..\..\..\Cinder\blocks\Cinder-SDA\include\SDAFbo.h">
      <Filter>Blocks\Cinder-SDA\include</Filter>
    </ClInclude>
    <ClInclude Include="..\..\..\Cinder\blocks\Cinder-SDA\include\SDALog.h">
      <Filter>Blocks\Cinder-SDA\include</Filter>
    </ClInclude>
    <ClInclude Include="..\..\..\Cinder\blocks\Cinder-SDA\include\SDAMix.h">
      <Filter>Blocks\Cinder-SDA\include</Filter>
    </ClInclude>
    <ClInclude Include="..\..\..\Cinder\blocks\Cinder-SDA\include\SDARouter.h">
      <Filter>Blocks\Cinder-SDA\include</Filter>
    </ClInclude>
    <ClInclude Include="..\..\..\Cinder\blocks\Cinder-SDA\include\SDASession.h">
      <Filter>Blocks\Cinder-SDA\include</Filter>
    </ClInclude>
    <ClInclude Include="..\..\..\Cinder\blocks\Cinder-SDA\include\SDASettings.h">
      <Filter>Blocks\Cinder-SDA\include</Filter>
    </ClInclude>
    <ClInclude Include="..\..\..\Cinder\blocks\Cinder-SDA\include\SDAShader.h">
      <Filter>Blocks\Cinder-SDA\include</Filter>
    </ClInclude>
    <ClInclude Include="..\..\..\Cinder\blocks\Cinder-SDA\include\SDATexture.h">
      <Filter>Blocks\Cinder-SDA\include</Filter>
    </ClInclude>
    <ClInclude Include="..\..\..\Cinder\blocks\Cinder-SDA\include\SDAUtils.h">
      <Filter>Blocks\Cinder-SDA\include</Filter>
    </ClInclude>
    <ClInclude Include="..\..\..\Cinder\blocks\Cinder-SDA\include\SDAWebsocket.h">
      <Filter>Blocks\Cinder-SDA\include</Filter>
    </ClInclude>
    <ClInclude Include="..\..\..\Cinder\blocks\Cinder-SDA\include\Watchdog.h">
      <Filter>Blocks\Cinder-SDA\include</Filter>
    </ClInclude>
    <ClCompile Include="..\..\..\Cinder\blocks\Cinder-SDA\src\LiveParam.cpp">
      <Filter>Blocks\Cinder-SDA\src</Filter>
    </ClCompile>
    <ClCompile Include="..\..\..\Cinder\blocks\Cinder-SDA\src\SDAAnimation.cpp">
      <Filter>Blocks\Cinder-SDA\src</Filter>
    </ClCompile>
    <ClCompile Include="..\..\..\Cinder\blocks\Cinder-SDA\src\SDAFbo.cpp">
      <Filter>Blocks\Cinder-SDA\src</Filter>
    </ClCompile>
    <ClCompile Include="..\..\..\Cinder\blocks\Cinder-SDA\src\SDALog.cpp">
      <Filter>Blocks\Cinder-SDA\src</Filter>
    </ClCompile>
    <ClCompile Include="..\..\..\Cinder\blocks\Cinder-SDA\src\SDAMix.cpp">
      <Filter>Blocks\Cinder-SDA\src</Filter>
    </ClCompile>
    <ClCompile Include="..\..\..\Cinder\blocks\Cinder-SDA\src\SDARouter.cpp">
      <Filter>Blocks\Cinder-SDA\src</Filter>
    </ClCompile>
    <ClCompile Include="..\..\..\Cinder\blocks\Cinder-SDA\src\SDASession.cpp">
      <Filter>Blocks\Cinder-SDA\src</Filter>
    </ClCompile>
    <ClCompile Include="..\..\..\Cinder\blocks\Cinder-SDA\src\SDASettings.cpp">
      <Filter>Blocks\Cinder-SDA\src</Filter>
    </ClCompile>
    <ClCompile Include="..\..\..\Cinder\blocks\Cinder-SDA\src\SDAShader.cpp">
      <Filter>Blocks\Cinder-SDA\src</Filter>
    </ClCompile>
    <ClCompile Include="..\..\..\Cinder\blocks\Cinder-SDA\src\SDATexture.cpp">
      <Filter>Blocks\Cinder-SDA\src</Filter>
    </ClCompile>
    <ClCompile Include="..\..\..\Cinder\blocks\Cinder-SDA\src\SDAUtils.cpp">
      <Filter>Blocks\Cinder-SDA\src</Filter>
    </ClCompile>
    <ClCompile Include="..\..\..\Cinder\blocks\Cinder-SDA\src\SDAWebsocket.cpp">
      <Filter>Blocks\Cinder-SDA\src</Filter>
    </ClCompile>
    <ClCompile Include="..\..\..\Cinder\blocks\Cinder-WebSocketPP\src\WebSocketClient.cpp">
      <Filter>Blocks\Cinder-WebSocketPP\src</Filter>
    </ClCompile>
    <ClCompile Include="..\..\..\Cinder\blocks\Cinder-WebSocketPP\src\WebSocketConnection.cpp">
      <Filter>Blocks\Cinder-WebSocketPP\src</Filter>
    </ClCompile>
    <ClCompile Include="..\..\..\Cinder\blocks\Cinder-WebSocketPP\src\WebSocketServer.cpp">
      <Filter>Blocks\Cinder-WebSocketPP\src</Filter>
    </ClCompile>
    <ClInclude Include="..\..\..\Cinder\blocks\Cinder-WebSocketPP\src\WebSocketClient.h">
      <Filter>Blocks\Cinder-WebSocketPP\src</Filter>
    </ClInclude>
    <ClInclude Include="..\..\..\Cinder\blocks\Cinder-WebSocketPP\src\WebSocketConnection.h">
      <Filter>Blocks\Cinder-WebSocketPP\src</Filter>
    </ClInclude>
    <ClInclude Include="..\..\..\Cinder\blocks\Cinder-WebSocketPP\src\WebSocketServer.h">
      <Filter>Blocks\Cinder-WebSocketPP\src</Filter>
    </ClInclude>
  </ItemGroup>
  <ItemGroup>
    <ClInclude Include="..\include\Resources.h">
      <Filter>Header Files</Filter>
    </ClInclude>
    <ClInclude Include="..\include\PeoplizationApp.h">
      <Filter>Header Files</Filter>
    </ClInclude>
  </ItemGroup>
  <ItemGroup>
    <ResourceCompile Include="Resources.rc">
      <Filter>Resource Files</Filter>
    </ResourceCompile>
  </ItemGroup>
  <ItemGroup>
    <None Include="..\assets\animation.json">
      <Filter>assets</Filter>
    </None>
    <None Include="..\assets\live_params.json">
      <Filter>assets</Filter>
    </None>
    <None Include="..\assets\mixall.frag">
      <Filter>assets</Filter>
    </None>
    <None Include="..\assets\passthru.frag">
      <Filter>assets</Filter>
    </None>
    <None Include="..\assets\passthru.vert">
      <Filter>assets</Filter>
    </None>
    <None Include="..\assets\session.json">
      <Filter>assets</Filter>
    </None>
    <None Include="..\assets\shadertoy.inc">
      <Filter>assets</Filter>
    </None>
    <None Include="..\assets\uniforms.json">
      <Filter>assets</Filter>
    </None>
  </ItemGroup>
  <ItemGroup>
    <Xml Include="..\assets\defaulttextures.xml">
      <Filter>assets</Filter>
    </Xml>
    <Xml Include="..\assets\mixes.xml">
      <Filter>assets</Filter>
    </Xml>
    <Xml Include="..\assets\textures.xml">
      <Filter>assets</Filter>
    </Xml>
    <Xml Include="Debug\SDASettings.xml">
      <Filter>debug</Filter>
    </Xml>
  </ItemGroup>
</Project>